// !$*UTF8*$!
{
	archiveVersion = 1;
	classes = {
	};
	objectVersion = 50;
	objects = {

/* Begin PBXBuildFile section */
		EB3CF0FF249FF71800BA6FE3 /* AppDelegate.swift in Sources */ = {isa = PBXBuildFile; fileRef = EB3CF0FE249FF71800BA6FE3 /* AppDelegate.swift */; };
		EB3CF101249FF71800BA6FE3 /* SceneDelegate.swift in Sources */ = {isa = PBXBuildFile; fileRef = EB3CF100249FF71800BA6FE3 /* SceneDelegate.swift */; };
		EB3CF108249FF71B00BA6FE3 /* Assets.xcassets in Resources */ = {isa = PBXBuildFile; fileRef = EB3CF107249FF71B00BA6FE3 /* Assets.xcassets */; };
		EB3CF115249FF78300BA6FE3 /* Model.swift in Sources */ = {isa = PBXBuildFile; fileRef = EB3CF114249FF78300BA6FE3 /* Model.swift */; };
		EB3CF117249FF78800BA6FE3 /* NetworkManager.swift in Sources */ = {isa = PBXBuildFile; fileRef = EB3CF116249FF78800BA6FE3 /* NetworkManager.swift */; };
		EB3CF11B249FF78F00BA6FE3 /* Label + extension.swift in Sources */ = {isa = PBXBuildFile; fileRef = EB3CF118249FF78E00BA6FE3 /* Label + extension.swift */; };
		EB3CF11C249FF78F00BA6FE3 /* UIButton + Extension.swift in Sources */ = {isa = PBXBuildFile; fileRef = EB3CF119249FF78E00BA6FE3 /* UIButton + Extension.swift */; };
		EB3CF11D249FF78F00BA6FE3 /* UIFont + Extension.swift in Sources */ = {isa = PBXBuildFile; fileRef = EB3CF11A249FF78E00BA6FE3 /* UIFont + Extension.swift */; };
		EB3CF122249FF7D500BA6FE3 /* ViewController.swift in Sources */ = {isa = PBXBuildFile; fileRef = EB3CF11F249FF79300BA6FE3 /* ViewController.swift */; };
/* End PBXBuildFile section */

/* Begin PBXFileReference section */
		EB3CF0FB249FF71800BA6FE3 /* API(weather app).app */ = {isa = PBXFileReference; explicitFileType = wrapper.application; includeInIndex = 0; path = "API(weather app).app"; sourceTree = BUILT_PRODUCTS_DIR; };
		EB3CF0FE249FF71800BA6FE3 /* AppDelegate.swift */ = {isa = PBXFileReference; lastKnownFileType = sourcecode.swift; path = AppDelegate.swift; sourceTree = "<group>"; };
		EB3CF100249FF71800BA6FE3 /* SceneDelegate.swift */ = {isa = PBXFileReference; lastKnownFileType = sourcecode.swift; path = SceneDelegate.swift; sourceTree = "<group>"; };
		EB3CF107249FF71B00BA6FE3 /* Assets.xcassets */ = {isa = PBXFileReference; lastKnownFileType = folder.assetcatalog; path = Assets.xcassets; sourceTree = "<group>"; };
		EB3CF10C249FF71B00BA6FE3 /* Info.plist */ = {isa = PBXFileReference; lastKnownFileType = text.plist.xml; path = Info.plist; sourceTree = "<group>"; };
		EB3CF114249FF78300BA6FE3 /* Model.swift */ = {isa = PBXFileReference; fileEncoding = 4; lastKnownFileType = sourcecode.swift; path = Model.swift; sourceTree = "<group>"; };
		EB3CF116249FF78800BA6FE3 /* NetworkManager.swift */ = {isa = PBXFileReference; fileEncoding = 4; lastKnownFileType = sourcecode.swift; path = NetworkManager.swift; sourceTree = "<group>"; };
		EB3CF118249FF78E00BA6FE3 /* Label + extension.swift */ = {isa = PBXFileReference; fileEncoding = 4; lastKnownFileType = sourcecode.swift; path = "Label + extension.swift"; sourceTree = "<group>"; };
		EB3CF119249FF78E00BA6FE3 /* UIButton + Extension.swift */ = {isa = PBXFileReference; fileEncoding = 4; lastKnownFileType = sourcecode.swift; path = "UIButton + Extension.swift"; sourceTree = "<group>"; };
		EB3CF11A249FF78E00BA6FE3 /* UIFont + Extension.swift */ = {isa = PBXFileReference; fileEncoding = 4; lastKnownFileType = sourcecode.swift; path = "UIFont + Extension.swift"; sourceTree = "<group>"; };
		EB3CF11F249FF79300BA6FE3 /* ViewController.swift */ = {isa = PBXFileReference; lastKnownFileType = sourcecode.swift; path = ViewController.swift; sourceTree = "<group>"; };
/* End PBXFileReference section */

/* Begin PBXFrameworksBuildPhase section */
		EB3CF0F8249FF71800BA6FE3 /* Frameworks */ = {
			isa = PBXFrameworksBuildPhase;
			buildActionMask = 2147483647;
			files = (
			);
			runOnlyForDeploymentPostprocessing = 0;
		};
/* End PBXFrameworksBuildPhase section */

/* Begin PBXGroup section */
		EB3CF0F2249FF71800BA6FE3 = {
			isa = PBXGroup;
			children = (
				EB3CF0FD249FF71800BA6FE3 /* API(weather app) */,
				EB3CF0FC249FF71800BA6FE3 /* Products */,
			);
			sourceTree = "<group>";
		};
		EB3CF0FC249FF71800BA6FE3 /* Products */ = {
			isa = PBXGroup;
			children = (
				EB3CF0FB249FF71800BA6FE3 /* API(weather app).app */,
			);
			name = Products;
			sourceTree = "<group>";
		};
		EB3CF0FD249FF71800BA6FE3 /* API(weather app) */ = {
			isa = PBXGroup;
			children = (
				EB3CF0FE249FF71800BA6FE3 /* AppDelegate.swift */,
				EB3CF100249FF71800BA6FE3 /* SceneDelegate.swift */,
				EB3CF123249FF7E600BA6FE3 /* ViewController */,
				EB3CF120249FF7AA00BA6FE3 /* Model + NetworkModel */,
				EB3CF121249FF7C100BA6FE3 /* Extensions */,
				EB3CF107249FF71B00BA6FE3 /* Assets.xcassets */,
				EB3CF10C249FF71B00BA6FE3 /* Info.plist */,
			);
			path = "API(weather app)";
			sourceTree = "<group>";
		};
		EB3CF120249FF7AA00BA6FE3 /* Model + NetworkModel */ = {
			isa = PBXGroup;
			children = (
				EB3CF114249FF78300BA6FE3 /* Model.swift */,
				EB3CF116249FF78800BA6FE3 /* NetworkManager.swift */,
			);
			path = "Model + NetworkModel";
			sourceTree = "<group>";
		};
		EB3CF121249FF7C100BA6FE3 /* Extensions */ = {
			isa = PBXGroup;
			children = (
				EB3CF118249FF78E00BA6FE3 /* Label + extension.swift */,
				EB3CF119249FF78E00BA6FE3 /* UIButton + Extension.swift */,
				EB3CF11A249FF78E00BA6FE3 /* UIFont + Extension.swift */,
			);
			path = Extensions;
			sourceTree = "<group>";
		};
		EB3CF123249FF7E600BA6FE3 /* ViewController */ = {
			isa = PBXGroup;
			children = (
				EB3CF11F249FF79300BA6FE3 /* ViewController.swift */,
			);
			path = ViewController;
			sourceTree = "<group>";
		};
/* End PBXGroup section */

/* Begin PBXNativeTarget section */
		EB3CF0FA249FF71800BA6FE3 /* API(weather app) */ = {
			isa = PBXNativeTarget;
			buildConfigurationList = EB3CF10F249FF71B00BA6FE3 /* Build configuration list for PBXNativeTarget "API(weather app)" */;
			buildPhases = (
				EB3CF0F7249FF71800BA6FE3 /* Sources */,
				EB3CF0F8249FF71800BA6FE3 /* Frameworks */,
				EB3CF0F9249FF71800BA6FE3 /* Resources */,
			);
			buildRules = (
			);
			dependencies = (
			);
			name = "API(weather app)";
			productName = "API(weather app)";
			productReference = EB3CF0FB249FF71800BA6FE3 /* API(weather app).app */;
			productType = "com.apple.product-type.application";
		};
/* End PBXNativeTarget section */

/* Begin PBXProject section */
		EB3CF0F3249FF71800BA6FE3 /* Project object */ = {
			isa = PBXProject;
			attributes = {
				LastSwiftUpdateCheck = 1150;
				LastUpgradeCheck = 1150;
				ORGANIZATIONNAME = "Anton Skidan";
				TargetAttributes = {
					EB3CF0FA249FF71800BA6FE3 = {
						CreatedOnToolsVersion = 11.5;
					};
				};
			};
			buildConfigurationList = EB3CF0F6249FF71800BA6FE3 /* Build configuration list for PBXProject "API(weather app)" */;
			compatibilityVersion = "Xcode 9.3";
			developmentRegion = en;
			hasScannedForEncodings = 0;
			knownRegions = (
				en,
				Base,
			);
			mainGroup = EB3CF0F2249FF71800BA6FE3;
			productRefGroup = EB3CF0FC249FF71800BA6FE3 /* Products */;
			projectDirPath = "";
			projectRoot = "";
			targets = (
				EB3CF0FA249FF71800BA6FE3 /* API(weather app) */,
			);
		};
/* End PBXProject section */

/* Begin PBXResourcesBuildPhase section */
		EB3CF0F9249FF71800BA6FE3 /* Resources */ = {
			isa = PBXResourcesBuildPhase;
			buildActionMask = 2147483647;
			files = (
				EB3CF108249FF71B00BA6FE3 /* Assets.xcassets in Resources */,
			);
			runOnlyForDeploymentPostprocessing = 0;
		};
/* End PBXResourcesBuildPhase section */

/* Begin PBXSourcesBuildPhase section */
		EB3CF0F7249FF71800BA6FE3 /* Sources */ = {
			isa = PBXSourcesBuildPhase;
			buildActionMask = 2147483647;
			files = (
				EB3CF11D249FF78F00BA6FE3 /* UIFont + Extension.swift in Sources */,
				EB3CF11B249FF78F00BA6FE3 /* Label + extension.swift in Sources */,
				EB3CF0FF249FF71800BA6FE3 /* AppDelegate.swift in Sources */,
				EB3CF11C249FF78F00BA6FE3 /* UIButton + Extension.swift in Sources */,
				EB3CF117249FF78800BA6FE3 /* NetworkManager.swift in Sources */,
				EB3CF101249FF71800BA6FE3 /* SceneDelegate.swift in Sources */,
				EB3CF122249FF7D500BA6FE3 /* ViewController.swift in Sources */,
				EB3CF115249FF78300BA6FE3 /* Model.swift in Sources */,
			);
			runOnlyForDeploymentPostprocessing = 0;
		};
/* End PBXSourcesBuildPhase section */

/* Begin XCBuildConfiguration section */
		EB3CF10D249FF71B00BA6FE3 /* Debug */ = {
			isa = XCBuildConfiguration;
			buildSettings = {
				ALWAYS_SEARCH_USER_PATHS = NO;
				CLANG_ANALYZER_NONNULL = YES;
				CLANG_ANALYZER_NUMBER_OBJECT_CONVERSION = YES_AGGRESSIVE;
				CLANG_CXX_LANGUAGE_STANDARD = "gnu++14";
				CLANG_CXX_LIBRARY = "libc++";
				CLANG_ENABLE_MODULES = YES;
				CLANG_ENABLE_OBJC_ARC = YES;
				CLANG_ENABLE_OBJC_WEAK = YES;
				CLANG_WARN_BLOCK_CAPTURE_AUTORELEASING = YES;
				CLANG_WARN_BOOL_CONVERSION = YES;
				CLANG_WARN_COMMA = YES;
				CLANG_WARN_CONSTANT_CONVERSION = YES;
				CLANG_WARN_DEPRECATED_OBJC_IMPLEMENTATIONS = YES;
				CLANG_WARN_DIRECT_OBJC_ISA_USAGE = YES_ERROR;
				CLANG_WARN_DOCUMENTATION_COMMENTS = YES;
				CLANG_WARN_EMPTY_BODY = YES;
				CLANG_WARN_ENUM_CONVERSION = YES;
				CLANG_WARN_INFINITE_RECURSION = YES;
				CLANG_WARN_INT_CONVERSION = YES;
				CLANG_WARN_NON_LITERAL_NULL_CONVERSION = YES;
				CLANG_WARN_OBJC_IMPLICIT_RETAIN_SELF = YES;
				CLANG_WARN_OBJC_LITERAL_CONVERSION = YES;
				CLANG_WARN_OBJC_ROOT_CLASS = YES_ERROR;
				CLANG_WARN_RANGE_LOOP_ANALYSIS = YES;
				CLANG_WARN_STRICT_PROTOTYPES = YES;
				CLANG_WARN_SUSPICIOUS_MOVE = YES;
				CLANG_WARN_UNGUARDED_AVAILABILITY = YES_AGGRESSIVE;
				CLANG_WARN_UNREACHABLE_CODE = YES;
				CLANG_WARN__DUPLICATE_METHOD_MATCH = YES;
				COPY_PHASE_STRIP = NO;
				DEBUG_INFORMATION_FORMAT = dwarf;
				ENABLE_STRICT_OBJC_MSGSEND = YES;
				ENABLE_TESTABILITY = YES;
				GCC_C_LANGUAGE_STANDARD = gnu11;
				GCC_DYNAMIC_NO_PIC = NO;
				GCC_NO_COMMON_BLOCKS = YES;
				GCC_OPTIMIZATION_LEVEL = 0;
				GCC_PREPROCESSOR_DEFINITIONS = (
					"DEBUG=1",
					"$(inherited)",
				);
				GCC_WARN_64_TO_32_BIT_CONVERSION = YES;
				GCC_WARN_ABOUT_RETURN_TYPE = YES_ERROR;
				GCC_WARN_UNDECLARED_SELECTOR = YES;
				GCC_WARN_UNINITIALIZED_AUTOS = YES_AGGRESSIVE;
				GCC_WARN_UNUSED_FUNCTION = YES;
				GCC_WARN_UNUSED_VARIABLE = YES;
				IPHONEOS_DEPLOYMENT_TARGET = 13.5;
				MTL_ENABLE_DEBUG_INFO = INCLUDE_SOURCE;
				MTL_FAST_MATH = YES;
				ONLY_ACTIVE_ARCH = YES;
				SDKROOT = iphoneos;
				SWIFT_ACTIVE_COMPILATION_CONDITIONS = DEBUG;
				SWIFT_OPTIMIZATION_LEVEL = "-Onone";
			};
			name = Debug;
		};
		EB3CF10E249FF71B00BA6FE3 /* Release */ = {
			isa = XCBuildConfiguration;
			buildSettings = {
				ALWAYS_SEARCH_USER_PATHS = NO;
				CLANG_ANALYZER_NONNULL = YES;
				CLANG_ANALYZER_NUMBER_OBJECT_CONVERSION = YES_AGGRESSIVE;
				CLANG_CXX_LANGUAGE_STANDARD = "gnu++14";
				CLANG_CXX_LIBRARY = "libc++";
				CLANG_ENABLE_MODULES = YES;
				CLANG_ENABLE_OBJC_ARC = YES;
				CLANG_ENABLE_OBJC_WEAK = YES;
				CLANG_WARN_BLOCK_CAPTURE_AUTORELEASING = YES;
				CLANG_WARN_BOOL_CONVERSION = YES;
				CLANG_WARN_COMMA = YES;
				CLANG_WARN_CONSTANT_CONVERSION = YES;
				CLANG_WARN_DEPRECATED_OBJC_IMPLEMENTATIONS = YES;
				CLANG_WARN_DIRECT_OBJC_ISA_USAGE = YES_ERROR;
				CLANG_WARN_DOCUMENTATION_COMMENTS = YES;
				CLANG_WARN_EMPTY_BODY = YES;
				CLANG_WARN_ENUM_CONVERSION = YES;
				CLANG_WARN_INFINITE_RECURSION = YES;
				CLANG_WARN_INT_CONVERSION = YES;
				CLANG_WARN_NON_LITERAL_NULL_CONVERSION = YES;
				CLANG_WARN_OBJC_IMPLICIT_RETAIN_SELF = YES;
				CLANG_WARN_OBJC_LITERAL_CONVERSION = YES;
				CLANG_WARN_OBJC_ROOT_CLASS = YES_ERROR;
				CLANG_WARN_RANGE_LOOP_ANALYSIS = YES;
				CLANG_WARN_STRICT_PROTOTYPES = YES;
				CLANG_WARN_SUSPICIOUS_MOVE = YES;
				CLANG_WARN_UNGUARDED_AVAILABILITY = YES_AGGRESSIVE;
				CLANG_WARN_UNREACHABLE_CODE = YES;
				CLANG_WARN__DUPLICATE_METHOD_MATCH = YES;
				COPY_PHASE_STRIP = NO;
				DEBUG_INFORMATION_FORMAT = "dwarf-with-dsym";
				ENABLE_NS_ASSERTIONS = NO;
				ENABLE_STRICT_OBJC_MSGSEND = YES;
				GCC_C_LANGUAGE_STANDARD = gnu11;
				GCC_NO_COMMON_BLOCKS = YES;
				GCC_WARN_64_TO_32_BIT_CONVERSION = YES;
				GCC_WARN_ABOUT_RETURN_TYPE = YES_ERROR;
				GCC_WARN_UNDECLARED_SELECTOR = YES;
				GCC_WARN_UNINITIALIZED_AUTOS = YES_AGGRESSIVE;
				GCC_WARN_UNUSED_FUNCTION = YES;
				GCC_WARN_UNUSED_VARIABLE = YES;
				IPHONEOS_DEPLOYMENT_TARGET = 13.5;
				MTL_ENABLE_DEBUG_INFO = NO;
				MTL_FAST_MATH = YES;
				SDKROOT = iphoneos;
				SWIFT_COMPILATION_MODE = wholemodule;
				SWIFT_OPTIMIZATION_LEVEL = "-O";
				VALIDATE_PRODUCT = YES;
			};
			name = Release;
		};
		EB3CF110249FF71B00BA6FE3 /* Debug */ = {
			isa = XCBuildConfiguration;
			buildSettings = {
				ASSETCATALOG_COMPILER_APPICON_NAME = AppIcon;
				CODE_SIGN_STYLE = Automatic;
				DEVELOPMENT_TEAM = M69PD8QVAU;
				INFOPLIST_FILE = "API(weather app)/Info.plist";
				LD_RUNPATH_SEARCH_PATHS = (
					"$(inherited)",
					"@executable_path/Frameworks",
				);
				PRODUCT_BUNDLE_IDENTIFIER = "com.AntonSkidan.API-weather-app-";
				PRODUCT_NAME = "$(TARGET_NAME)";
				SWIFT_VERSION = 5.0;
				TARGETED_DEVICE_FAMILY = "1,2";
			};
			name = Debug;
		};
		EB3CF111249FF71B00BA6FE3 /* Release */ = {
			isa = XCBuildConfiguration;
			buildSettings = {
				ASSETCATALOG_COMPILER_APPICON_NAME = AppIcon;
				CODE_SIGN_STYLE = Automatic;
				DEVELOPMENT_TEAM = M69PD8QVAU;
				INFOPLIST_FILE = "API(weather app)/Info.plist";
				LD_RUNPATH_SEARCH_PATHS = (
					"$(inherited)",
					"@executable_path/Frameworks",
				);
				PRODUCT_BUNDLE_IDENTIFIER = "com.AntonSkidan.API-weather-app-";
				PRODUCT_NAME = "$(TARGET_NAME)";
				SWIFT_VERSION = 5.0;
				TARGETED_DEVICE_FAMILY = "1,2";
			};
			name = Release;
		};
/* End XCBuildConfiguration section */

/* Begin XCConfigurationList section */
		EB3CF0F6249FF71800BA6FE3 /* Build configuration list for PBXProject "API(weather app)" */ = {
			isa = XCConfigurationList;
			buildConfigurations = (
				EB3CF10D249FF71B00BA6FE3 /* Debug */,
				EB3CF10E249FF71B00BA6FE3 /* Release */,
			);
			defaultConfigurationIsVisible = 0;
			defaultConfigurationName = Release;
		};
		EB3CF10F249FF71B00BA6FE3 /* Build configuration list for PBXNativeTarget "API(weather app)" */ = {
			isa = XCConfigurationList;
			buildConfigurations = (
				EB3CF110249FF71B00BA6FE3 /* Debug */,
				EB3CF111249FF71B00BA6FE3 /* Release */,
			);
			defaultConfigurationIsVisible = 0;
			defaultConfigurationName = Release;
		};
/* End XCConfigurationList section */
	};
	rootObject = EB3CF0F3249FF71800BA6FE3 /* Project object */;
}
